\TerraForm> terraform plan -out solution.plan
var.vmcount
  Number of VM to create??

  Enter a value: 2

Refreshing Terraform state in-memory prior to plan...
The refreshed state will be used to calculate this plan, but will not be
persisted to local or remote state storage.

data.azurerm_resource_group.image: Refreshing state... [id=/subscriptions/c5b70caf-bdd9-4336-b990-edf1b1ea365d/resourceGroups/myproject-rg]
data.azurerm_resource_group.main: Refreshing state...
data.azurerm_image.image: Refreshing state... [id=/subscriptions/c5b70caf-bdd9-4336-b990-edf1b1ea365d/resourceGroups/myproject-rg/providers/Microsoft.Compute/images/myproject-vmimage]

------------------------------------------------------------------------

An execution plan has been generated and is shown below.
Resource actions are indicated with the following symbols:
  + create

Terraform will perform the following actions:

  # azurerm_availability_set.main will be created
  + resource "azurerm_availability_set" "main" {
      + id                           = (known after apply)
      + location                     = "eastus"
      + managed                      = true
      + name                         = "myproject-avset"
      + platform_fault_domain_count  = 3
      + platform_update_domain_count = 5
      + resource_group_name          = "myproject-rg"
      + tags                         = {
          + "test" = "myproject"
        }
    }

  # azurerm_lb.main will be created
  + resource "azurerm_lb" "main" {
      + id                   = (known after apply)
      + location             = "eastus"
      + name                 = "myproject-lb"
      + private_ip_address   = (known after apply)
      + private_ip_addresses = (known after apply)
      + resource_group_name  = "myproject-rg"
      + sku                  = "Basic"
      + tags                 = {
          + "test" = "myproject"
        }

      + frontend_ip_configuration {
          + id                            = (known after apply)
          + inbound_nat_rules             = (known after apply)
          + load_balancer_rules           = (known after apply)
          + name                          = "myproject-pip"
          + outbound_rules                = (known after apply)
          + private_ip_address            = (known after apply)
          + private_ip_address_allocation = (known after apply)
          + private_ip_address_version    = "IPv4"
          + public_ip_address_id          = (known after apply)
          + public_ip_prefix_id           = (known after apply)
          + subnet_id                     = (known after apply)
        }
    }

  # azurerm_lb_backend_address_pool.main will be created
  + resource "azurerm_lb_backend_address_pool" "main" {
      + backend_ip_configurations = (known after apply)
      + id                        = (known after apply)
      + load_balancing_rules      = (known after apply)
      + loadbalancer_id           = (known after apply)
      + name                      = "myproject-BackEndAddressPool"
      + resource_group_name       = "myproject-rg"
    }

  # azurerm_linux_virtual_machine.main[0] will be created
  + resource "azurerm_linux_virtual_machine" "main" {
      + admin_password                  = (sensitive value)
      + admin_username                  = "azureterrauser"
      + allow_extension_operations      = true
      + availability_set_id             = (known after apply)
      + computer_name                   = (known after apply)
      + disable_password_authentication = false
      + id                              = (known after apply)
      + location                        = "eastus"
      + max_bid_price                   = -1
      + name                            = "myproject-vm1"
      + network_interface_ids           = (known after apply)
      + priority                        = "Regular"
      + private_ip_address              = (known after apply)
      + private_ip_addresses            = (known after apply)
      + provision_vm_agent              = true
      + public_ip_address               = (known after apply)
      + public_ip_addresses             = (known after apply)
      + resource_group_name             = "myproject-rg"
      + size                            = "Standard_D2s_v3"
      + source_image_id                 = "/subscriptions/c5b70caf-bdd9-4336-b990-edf1b1ea365d/resourceGroups/myproject-rg/providers/Microsoft.Compute/images/myproject-vmimage"
      + tags                            = {
          + "test" = "myproject"
        }
      + virtual_machine_id              = (known after apply)
      + zone                            = (known after apply)

      + os_disk {
          + caching                   = "ReadWrite"
          + disk_size_gb              = (known after apply)
          + name                      = (known after apply)
          + storage_account_type      = "Standard_LRS"
          + write_accelerator_enabled = false
        }
    }

  # azurerm_linux_virtual_machine.main[1] will be created
  + resource "azurerm_linux_virtual_machine" "main" {
      + admin_password                  = (sensitive value)
      + admin_username                  = "azureterrauser"
      + allow_extension_operations      = true
      + availability_set_id             = (known after apply)
      + computer_name                   = (known after apply)
      + disable_password_authentication = false
      + id                              = (known after apply)
      + location                        = "eastus"
      + max_bid_price                   = -1
      + name                            = "myproject-vm2"
      + network_interface_ids           = (known after apply)
      + priority                        = "Regular"
      + private_ip_address              = (known after apply)
      + private_ip_addresses            = (known after apply)
      + provision_vm_agent              = true
      + public_ip_address               = (known after apply)
      + public_ip_addresses             = (known after apply)
      + resource_group_name             = "myproject-rg"
      + size                            = "Standard_D2s_v3"
      + source_image_id                 = "/subscriptions/c5b70caf-bdd9-4336-b990-edf1b1ea365d/resourceGroups/myproject-rg/providers/Microsoft.Compute/images/myproject-vmimage"
      + tags                            = {
          + "test" = "myproject"
        }
      + virtual_machine_id              = (known after apply)
      + zone                            = (known after apply)

      + os_disk {
          + caching                   = "ReadWrite"
          + disk_size_gb              = (known after apply)
          + name                      = (known after apply)
          + storage_account_type      = "Standard_LRS"
          + write_accelerator_enabled = false
        }
    }

  # azurerm_managed_disk.main[0] will be created
  + resource "azurerm_managed_disk" "main" {
      + create_option        = "Empty"
      + disk_iops_read_write = (known after apply)
      + disk_mbps_read_write = (known after apply)
      + disk_size_gb         = 100
      + id                   = (known after apply)
      + location             = "eastus"
      + name                 = "myproject-md1"
      + resource_group_name  = "myproject-rg"
      + source_uri           = (known after apply)
      + storage_account_type = "Standard_LRS"
      + tags                 = {
          + "test" = "myproject"
        }
    }

  # azurerm_managed_disk.main[1] will be created
  + resource "azurerm_managed_disk" "main" {
      + create_option        = "Empty"
      + disk_iops_read_write = (known after apply)
      + disk_mbps_read_write = (known after apply)
      + disk_size_gb         = 100
      + id                   = (known after apply)
      + location             = "eastus"
      + name                 = "myproject-md2"
      + resource_group_name  = "myproject-rg"
      + source_uri           = (known after apply)
      + storage_account_type = "Standard_LRS"
      + tags                 = {
          + "test" = "myproject"
        }
    }

  # azurerm_network_interface.main[0] will be created
  + resource "azurerm_network_interface" "main" {
      + applied_dns_servers           = (known after apply)
      + dns_servers                   = (known after apply)
      + enable_accelerated_networking = false
      + enable_ip_forwarding          = false
      + id                            = (known after apply)
      + internal_dns_name_label       = (known after apply)
      + internal_domain_name_suffix   = (known after apply)
      + location                      = "eastus"
      + mac_address                   = (known after apply)
      + name                          = "myproject-nic1"
      + private_ip_address            = (known after apply)
      + private_ip_addresses          = (known after apply)
      + resource_group_name           = "myproject-rg"
      + tags                          = {
          + "test" = "myproject"
        }
      + virtual_machine_id            = (known after apply)

      + ip_configuration {
          + name                          = "myproject-nic-ipconfig1"
          + primary                       = (known after apply)
          + private_ip_address            = (known after apply)
          + private_ip_address_allocation = "dynamic"
          + private_ip_address_version    = "IPv4"
          + subnet_id                     = (known after apply)
        }
    }

  # azurerm_network_interface.main[1] will be created
  + resource "azurerm_network_interface" "main" {
      + applied_dns_servers           = (known after apply)
      + dns_servers                   = (known after apply)
      + enable_accelerated_networking = false
      + enable_ip_forwarding          = false
      + id                            = (known after apply)
      + internal_dns_name_label       = (known after apply)
      + internal_domain_name_suffix   = (known after apply)
      + location                      = "eastus"
      + mac_address                   = (known after apply)
      + name                          = "myproject-nic2"
      + private_ip_address            = (known after apply)
      + private_ip_addresses          = (known after apply)
      + resource_group_name           = "myproject-rg"
      + tags                          = {
          + "test" = "myproject"
        }
      + virtual_machine_id            = (known after apply)

      + ip_configuration {
          + name                          = "myproject-nic-ipconfig2"
          + primary                       = (known after apply)
          + private_ip_address            = (known after apply)
          + private_ip_address_allocation = "dynamic"
          + private_ip_address_version    = "IPv4"
          + subnet_id                     = (known after apply)
        }
    }

  # azurerm_network_interface_backend_address_pool_association.main[0] will be created
  + resource "azurerm_network_interface_backend_address_pool_association" "main" {
      + backend_address_pool_id = (known after apply)
      + id                      = (known after apply)
      + ip_configuration_name   = "myproject-nic-ipconfig1"
      + network_interface_id    = (known after apply)
    }

  # azurerm_network_interface_backend_address_pool_association.main[1] will be created
  + resource "azurerm_network_interface_backend_address_pool_association" "main" {
      + backend_address_pool_id = (known after apply)
      + id                      = (known after apply)
      + ip_configuration_name   = "myproject-nic-ipconfig2"
      + network_interface_id    = (known after apply)
    }

  # azurerm_network_security_group.main will be created
  + resource "azurerm_network_security_group" "main" {
      + id                  = (known after apply)
      + location            = "eastus"
      + name                = "myproject-nsg"
      + resource_group_name = "myproject-rg"
      + security_rule       = [
          + {
              + access                                     = "Deny"
              + description                                = ""
              + destination_address_prefix                 = "Internet"
              + destination_address_prefixes               = []
              + destination_application_security_group_ids = []
              + destination_port_range                     = "*"
              + destination_port_ranges                    = []
              + direction                                  = "Outbound"
              + name                                       = "OUT-Allow-only-VM-in-Subnets"
              + priority                                   = 4096
              + protocol                                   = "*"
              + source_address_prefix                      = "VirtualNetwork"
              + source_address_prefixes                    = []
              + source_application_security_group_ids      = []
              + source_port_range                          = "*"
              + source_port_ranges                         = []
            },
          + {
              + access                                     = "Deny"
              + description                                = ""
              + destination_address_prefix                 = "VirtualNetwork"
              + destination_address_prefixes               = []
              + destination_application_security_group_ids = []
              + destination_port_range                     = "*"
              + destination_port_ranges                    = []
              + direction                                  = "Inbound"
              + name                                       = "IN-Allow-only-VM-in-Subnets"
              + priority                                   = 4096
              + protocol                                   = "*"
              + source_address_prefix                      = "Internet"
              + source_address_prefixes                    = []
              + source_application_security_group_ids      = []
              + source_port_range                          = "*"
              + source_port_ranges                         = []
            },
        ]
      + tags                = {
          + "test" = "myproject"
        }
    }

  # azurerm_public_ip.main will be created
  + resource "azurerm_public_ip" "main" {
      + allocation_method       = "Static"
      + domain_name_label       = "myproject-rg"
      + fqdn                    = (known after apply)
      + id                      = (known after apply)
      + idle_timeout_in_minutes = 4
      + ip_address              = (known after apply)
      + ip_version              = "IPv4"
      + location                = "eastus"
      + name                    = "myproject-public-ip"
      + resource_group_name     = "myproject-rg"
      + sku                     = "Basic"
      + tags                    = {
          + "test" = "myproject"
        }
    }

  # azurerm_subnet.main will be created
  + resource "azurerm_subnet" "main" {
      + address_prefix                                 = (known after apply)
      + address_prefixes                               = [
          + "10.0.2.0/24",
        ]
      + enforce_private_link_endpoint_network_policies = false
      + enforce_private_link_service_network_policies  = false
      + id                                             = (known after apply)
      + name                                           = "myproject-vm-subnet"
      + resource_group_name                            = "myproject-rg"
      + virtual_network_name                           = "myproject-vnet"
    }

  # azurerm_virtual_machine_data_disk_attachment.main[0] will be created
  + resource "azurerm_virtual_machine_data_disk_attachment" "main" {
      + caching                   = "ReadWrite"
      + create_option             = "Attach"
      + id                        = (known after apply)
      + lun                       = 10
      + managed_disk_id           = (known after apply)
      + virtual_machine_id        = (known after apply)
      + write_accelerator_enabled = false
    }

  # azurerm_virtual_machine_data_disk_attachment.main[1] will be created
  + resource "azurerm_virtual_machine_data_disk_attachment" "main" {
      + caching                   = "ReadWrite"
      + create_option             = "Attach"
      + id                        = (known after apply)
      + lun                       = 10
      + managed_disk_id           = (known after apply)
      + virtual_machine_id        = (known after apply)
      + write_accelerator_enabled = false
    }

  # azurerm_virtual_network.main will be created
  + resource "azurerm_virtual_network" "main" {
      + address_space       = [
          + "10.0.0.0/16",
        ]
      + guid                = (known after apply)
      + id                  = (known after apply)
      + location            = "eastus"
      + name                = "myproject-vnet"
      + resource_group_name = "myproject-rg"
      + subnet              = (known after apply)
      + tags                = {
          + "test" = "myproject"
        }
    }

Plan: 17 to add, 0 to change, 0 to destroy.

------------------------------------------------------------------------

This plan was saved to: solution.plan

To perform exactly these actions, run the following command to apply:
    terraform apply "solution.plan"